
Microsoft Visual Studio Solution File, Format Version 12.00
# Visual Studio Version 16
VisualStudioVersion = 16.0.31112.23
MinimumVisualStudioVersion = 10.0.40219.1
Project("{FAE04EC0-301F-11D3-BF4B-00C04F79EFBC}") = "Gymbokning", "Gymbokning.csproj", "{0C2CADCC-FB86-4B2C-B41A-06AB97E070B2}"
EndProject
Global
	GlobalSection(SolutionConfigurationPlatforms) = preSolution
		Debug|Any CPU = Debug|Any CPU
		Release|Any CPU = Release|Any CPU
	EndGlobalSection
	GlobalSection(ProjectConfigurationPlatforms) = postSolution
		{0C2CADCC-FB86-4B2C-B41A-06AB97E070B2}.Debug|Any CPU.ActiveCfg = Debug|Any CPU
		{0C2CADCC-FB86-4B2C-B41A-06AB97E070B2}.Debug|Any CPU.Build.0 = Debug|Any CPU
		{0C2CADCC-FB86-4B2C-B41A-06AB97E070B2}.Release|Any CPU.ActiveCfg = Release|Any CPU
		{0C2CADCC-FB86-4B2C-B41A-06AB97E070B2}.Release|Any CPU.Build.0 = Release|Any CPU
	EndGlobalSection
	GlobalSection(SolutionProperties) = preSolution
		HideSolutionNode = FALSE
	EndGlobalSection
	GlobalSection(ExtensibilityGlobals) = postSolution
		SolutionGuid = {5B389794-3C38-4823-BDF0-15EE7A1188E7}
	EndGlobalSection
EndGlobal
